
Microsoft Visual Studio Solution File, Format Version 12.00
# Visual Studio Version 16
VisualStudioVersion = 16.0.31911.196
MinimumVisualStudioVersion = 10.0.40219.1
Project("{8BC9CEB8-8B4A-11D0-8D11-00A0C91BC942}") = "SFML_GUI", "SFML_GUI\SFML_GUI.vcxproj", "{FE532AF6-EB59-4715-8C1C-7C2227D37563}"
EndProject
Global
	GlobalSection(SolutionConfigurationPlatforms) = preSolution
		Debug|x64 = Debug|x64
		Debug|x86 = Debug|x86
		Release|x64 = Release|x64
		Release|x86 = Release|x86
	EndGlobalSection
	GlobalSection(ProjectConfigurationPlatforms) = postSolution
		{FE532AF6-EB59-4715-8C1C-7C2227D37563}.Debug|x64.ActiveCfg = Debug|x64
		{FE532AF6-EB59-4715-8C1C-7C2227D37563}.Debug|x64.Build.0 = Debug|x64
		{FE532AF6-EB59-4715-8C1C-7C2227D37563}.Debug|x86.ActiveCfg = Debug|Win32
		{FE532AF6-EB59-4715-8C1C-7C2227D37563}.Debug|x86.Build.0 = Debug|Win32
		{FE532AF6-EB59-4715-8C1C-7C2227D37563}.Release|x64.ActiveCfg = Release|x64
		{FE532AF6-EB59-4715-8C1C-7C2227D37563}.Release|x64.Build.0 = Release|x64
		{FE532AF6-EB59-4715-8C1C-7C2227D37563}.Release|x86.ActiveCfg = Release|Win32
		{FE532AF6-EB59-4715-8C1C-7C2227D37563}.Release|x86.Build.0 = Release|Win32
	EndGlobalSection
	GlobalSection(SolutionProperties) = preSolution
		HideSolutionNode = FALSE
	EndGlobalSection
	GlobalSection(ExtensibilityGlobals) = postSolution
		SolutionGuid = {96B76D38-DEEE-4330-8338-87BD4335B296}
	EndGlobalSection
EndGlobal
